{
  "name": "map-events",
  "version": "1.0.1",
  "lockfileVersion": 1,
  "requires": true,
  "dependencies": {
    "px-map-events": {
      "version": "1.0.0",
      "resolved": "https://registry.npmjs.org/px-map-events/-/px-map-events-1.0.0.tgz",
      "integrity": "sha512-w6HNOQI0JKCuc+03r8SbCalga9hBOdHfi3IYxRdrlMOmjxXx1yVhBpItQfg3mv8qmq1dRigUAb1Js+YnE4jsUA=="
    }
  }
}
